{
  "requires": true,
  "lockfileVersion": 1,
  "dependencies": {
    "react-minimal-pie-chart": {
      "version": "8.2.0",
      "resolved": "https://registry.npmjs.org/react-minimal-pie-chart/-/react-minimal-pie-chart-8.2.0.tgz",
      "integrity": "sha512-RhrHzprJt3KfBe4L3sE0Ha6fj4kYcwQtesQgscnld9Umf64+nZnxxInycnbimKsbIjxJONv77JIZp+qRbJD+bA=="
    }
  }
}
